
Microsoft Visual Studio Solution File, Format Version 12.00
# Visual Studio Version 17
VisualStudioVersion = 17.8.34408.163
MinimumVisualStudioVersion = 10.0.40219.1
Project("{FAE04EC0-301F-11D3-BF4B-00C04F79EFBC}") = "MVPHBA.WebAPI", "MVPHBA.WebAPI\MVPHBA.WebAPI.csproj", "{00BA9FB5-17B9-489C-A2AE-B01B1BDA7D00}"
EndProject
Project("{FAE04EC0-301F-11D3-BF4B-00C04F79EFBC}") = "MVPHBA.DataAccess", "MVPHBA.DataAccess\MVPHBA.DataAccess.csproj", "{CF5F4337-1863-46C9-AEA1-EAFA9094641F}"
EndProject
Project("{FAE04EC0-301F-11D3-BF4B-00C04F79EFBC}") = "MVPHBA.Service", "MVPHBA.Service\MVPHBA.Service.csproj", "{46F9BE0C-898A-4436-801F-45D5F5CCBC80}"
EndProject
Project("{FAE04EC0-301F-11D3-BF4B-00C04F79EFBC}") = "MVPHBA.Common", "MVPHBA.Common\MVPHBA.Common.csproj", "{7F82B4DC-91A1-49C8-BE89-7AF4036D8902}"
EndProject
Project("{FAE04EC0-301F-11D3-BF4B-00C04F79EFBC}") = "MVPHBA.Model", "MVPHBA.Model\MVPHBA.Model.csproj", "{14B95B59-57AD-47AD-972D-5D3630E86B1D}"
EndProject
Project("{FAE04EC0-301F-11D3-BF4B-00C04F79EFBC}") = "MVPHBA.UnitTest", "MVPHBA.UnitTest\MVPHBA.UnitTest.csproj", "{593853A1-29A1-4B79-919B-065AE04AC494}"
EndProject
Global
	GlobalSection(SolutionConfigurationPlatforms) = preSolution
		Debug|Any CPU = Debug|Any CPU
		Release|Any CPU = Release|Any CPU
	EndGlobalSection
	GlobalSection(ProjectConfigurationPlatforms) = postSolution
		{00BA9FB5-17B9-489C-A2AE-B01B1BDA7D00}.Debug|Any CPU.ActiveCfg = Debug|Any CPU
		{00BA9FB5-17B9-489C-A2AE-B01B1BDA7D00}.Debug|Any CPU.Build.0 = Debug|Any CPU
		{00BA9FB5-17B9-489C-A2AE-B01B1BDA7D00}.Release|Any CPU.ActiveCfg = Release|Any CPU
		{00BA9FB5-17B9-489C-A2AE-B01B1BDA7D00}.Release|Any CPU.Build.0 = Release|Any CPU
		{CF5F4337-1863-46C9-AEA1-EAFA9094641F}.Debug|Any CPU.ActiveCfg = Debug|Any CPU
		{CF5F4337-1863-46C9-AEA1-EAFA9094641F}.Debug|Any CPU.Build.0 = Debug|Any CPU
		{CF5F4337-1863-46C9-AEA1-EAFA9094641F}.Release|Any CPU.ActiveCfg = Release|Any CPU
		{CF5F4337-1863-46C9-AEA1-EAFA9094641F}.Release|Any CPU.Build.0 = Release|Any CPU
		{46F9BE0C-898A-4436-801F-45D5F5CCBC80}.Debug|Any CPU.ActiveCfg = Debug|Any CPU
		{46F9BE0C-898A-4436-801F-45D5F5CCBC80}.Debug|Any CPU.Build.0 = Debug|Any CPU
		{46F9BE0C-898A-4436-801F-45D5F5CCBC80}.Release|Any CPU.ActiveCfg = Release|Any CPU
		{46F9BE0C-898A-4436-801F-45D5F5CCBC80}.Release|Any CPU.Build.0 = Release|Any CPU
		{7F82B4DC-91A1-49C8-BE89-7AF4036D8902}.Debug|Any CPU.ActiveCfg = Debug|Any CPU
		{7F82B4DC-91A1-49C8-BE89-7AF4036D8902}.Debug|Any CPU.Build.0 = Debug|Any CPU
		{7F82B4DC-91A1-49C8-BE89-7AF4036D8902}.Release|Any CPU.ActiveCfg = Release|Any CPU
		{7F82B4DC-91A1-49C8-BE89-7AF4036D8902}.Release|Any CPU.Build.0 = Release|Any CPU
		{14B95B59-57AD-47AD-972D-5D3630E86B1D}.Debug|Any CPU.ActiveCfg = Debug|Any CPU
		{14B95B59-57AD-47AD-972D-5D3630E86B1D}.Debug|Any CPU.Build.0 = Debug|Any CPU
		{14B95B59-57AD-47AD-972D-5D3630E86B1D}.Release|Any CPU.ActiveCfg = Release|Any CPU
		{14B95B59-57AD-47AD-972D-5D3630E86B1D}.Release|Any CPU.Build.0 = Release|Any CPU
		{593853A1-29A1-4B79-919B-065AE04AC494}.Debug|Any CPU.ActiveCfg = Debug|Any CPU
		{593853A1-29A1-4B79-919B-065AE04AC494}.Debug|Any CPU.Build.0 = Debug|Any CPU
		{593853A1-29A1-4B79-919B-065AE04AC494}.Release|Any CPU.ActiveCfg = Release|Any CPU
		{593853A1-29A1-4B79-919B-065AE04AC494}.Release|Any CPU.Build.0 = Release|Any CPU
	EndGlobalSection
	GlobalSection(SolutionProperties) = preSolution
		HideSolutionNode = FALSE
	EndGlobalSection
	GlobalSection(ExtensibilityGlobals) = postSolution
		SolutionGuid = {948F93F4-EF3F-4D14-B13D-DF62F86A3486}
	EndGlobalSection
EndGlobal
